// !$*UTF8*$!
{
	archiveVersion = 1;
	classes = {
	};
	objectVersion = 55;
	objects = {

/* Begin PBXBuildFile section */
		04F5AC0D27D7B4C60095C2CD /* LoginAppApp.swift in Sources */ = {isa = PBXBuildFile; fileRef = 04F5AC0C27D7B4C60095C2CD /* LoginAppApp.swift */; };
		04F5AC0F27D7B4C60095C2CD /* ContentView.swift in Sources */ = {isa = PBXBuildFile; fileRef = 04F5AC0E27D7B4C60095C2CD /* ContentView.swift */; };
		04F5AC1127D7B4C80095C2CD /* Assets.xcassets in Resources */ = {isa = PBXBuildFile; fileRef = 04F5AC1027D7B4C80095C2CD /* Assets.xcassets */; };
		04F5AC1427D7B4C80095C2CD /* Preview Assets.xcassets in Resources */ = {isa = PBXBuildFile; fileRef = 04F5AC1327D7B4C80095C2CD /* Preview Assets.xcassets */; };
		04F5AC1E27D7B4C80095C2CD /* LoginAppTests.swift in Sources */ = {isa = PBXBuildFile; fileRef = 04F5AC1D27D7B4C80095C2CD /* LoginAppTests.swift */; };
		04F5AC2827D7B4C80095C2CD /* LoginAppUITests.swift in Sources */ = {isa = PBXBuildFile; fileRef = 04F5AC2727D7B4C80095C2CD /* LoginAppUITests.swift */; };
		04F5AC2A27D7B4C90095C2CD /* LoginAppUITestsLaunchTests.swift in Sources */ = {isa = PBXBuildFile; fileRef = 04F5AC2927D7B4C80095C2CD /* LoginAppUITestsLaunchTests.swift */; };
/* End PBXBuildFile section */

/* Begin PBXContainerItemProxy section */
		04F5AC1A27D7B4C80095C2CD /* PBXContainerItemProxy */ = {
			isa = PBXContainerItemProxy;
			containerPortal = 04F5AC0127D7B4C60095C2CD /* Project object */;
			proxyType = 1;
			remoteGlobalIDString = 04F5AC0827D7B4C60095C2CD;
			remoteInfo = LoginApp;
		};
		04F5AC2427D7B4C80095C2CD /* PBXContainerItemProxy */ = {
			isa = PBXContainerItemProxy;
			containerPortal = 04F5AC0127D7B4C60095C2CD /* Project object */;
			proxyType = 1;
			remoteGlobalIDString = 04F5AC0827D7B4C60095C2CD;
			remoteInfo = LoginApp;
		};
/* End PBXContainerItemProxy section */

/* Begin PBXFileReference section */
		04F5AC0927D7B4C60095C2CD /* LoginApp.app */ = {isa = PBXFileReference; explicitFileType = wrapper.application; includeInIndex = 0; path = LoginApp.app; sourceTree = BUILT_PRODUCTS_DIR; };
		04F5AC0C27D7B4C60095C2CD /* LoginAppApp.swift */ = {isa = PBXFileReference; lastKnownFileType = sourcecode.swift; path = LoginAppApp.swift; sourceTree = "<group>"; };
		04F5AC0E27D7B4C60095C2CD /* ContentView.swift */ = {isa = PBXFileReference; lastKnownFileType = sourcecode.swift; path = ContentView.swift; sourceTree = "<group>"; };
		04F5AC1027D7B4C80095C2CD /* Assets.xcassets */ = {isa = PBXFileReference; lastKnownFileType = folder.assetcatalog; path = Assets.xcassets; sourceTree = "<group>"; };
		04F5AC1327D7B4C80095C2CD /* Preview Assets.xcassets */ = {isa = PBXFileReference; lastKnownFileType = folder.assetcatalog; path = "Preview Assets.xcassets"; sourceTree = "<group>"; };
		04F5AC1927D7B4C80095C2CD /* LoginAppTests.xctest */ = {isa = PBXFileReference; explicitFileType = wrapper.cfbundle; includeInIndex = 0; path = LoginAppTests.xctest; sourceTree = BUILT_PRODUCTS_DIR; };
		04F5AC1D27D7B4C80095C2CD /* LoginAppTests.swift */ = {isa = PBXFileReference; lastKnownFileType = sourcecode.swift; path = LoginAppTests.swift; sourceTree = "<group>"; };
		04F5AC2327D7B4C80095C2CD /* LoginAppUITests.xctest */ = {isa = PBXFileReference; explicitFileType = wrapper.cfbundle; includeInIndex = 0; path = LoginAppUITests.xctest; sourceTree = BUILT_PRODUCTS_DIR; };
		04F5AC2727D7B4C80095C2CD /* LoginAppUITests.swift */ = {isa = PBXFileReference; lastKnownFileType = sourcecode.swift; path = LoginAppUITests.swift; sourceTree = "<group>"; };
		04F5AC2927D7B4C80095C2CD /* LoginAppUITestsLaunchTests.swift */ = {isa = PBXFileReference; lastKnownFileType = sourcecode.swift; path = LoginAppUITestsLaunchTests.swift; sourceTree = "<group>"; };
/* End PBXFileReference section */

/* Begin PBXFrameworksBuildPhase section */
		04F5AC0627D7B4C60095C2CD /* Frameworks */ = {
			isa = PBXFrameworksBuildPhase;
			buildActionMask = 2147483647;
			files = (
			);
			runOnlyForDeploymentPostprocessing = 0;
		};
		04F5AC1627D7B4C80095C2CD /* Frameworks */ = {
			isa = PBXFrameworksBuildPhase;
			buildActionMask = 2147483647;
			files = (
			);
			runOnlyForDeploymentPostprocessing = 0;
		};
		04F5AC2027D7B4C80095C2CD /* Frameworks */ = {
			isa = PBXFrameworksBuildPhase;
			buildActionMask = 2147483647;
			files = (
			);
			runOnlyForDeploymentPostprocessing = 0;
		};
/* End PBXFrameworksBuildPhase section */

/* Begin PBXGroup section */
		04F5AC0027D7B4C60095C2CD = {
			isa = PBXGroup;
			children = (
				04F5AC0B27D7B4C60095C2CD /* LoginApp */,
				04F5AC1C27D7B4C80095C2CD /* LoginAppTests */,
				04F5AC2627D7B4C80095C2CD /* LoginAppUITests */,
				04F5AC0A27D7B4C60095C2CD /* Products */,
			);
			sourceTree = "<group>";
		};
		04F5AC0A27D7B4C60095C2CD /* Products */ = {
			isa = PBXGroup;
			children = (
				04F5AC0927D7B4C60095C2CD /* LoginApp.app */,
				04F5AC1927D7B4C80095C2CD /* LoginAppTests.xctest */,
				04F5AC2327D7B4C80095C2CD /* LoginAppUITests.xctest */,
			);
			name = Products;
			sourceTree = "<group>";
		};
		04F5AC0B27D7B4C60095C2CD /* LoginApp */ = {
			isa = PBXGroup;
			children = (
				04F5AC0C27D7B4C60095C2CD /* LoginAppApp.swift */,
				04F5AC0E27D7B4C60095C2CD /* ContentView.swift */,
				04F5AC1027D7B4C80095C2CD /* Assets.xcassets */,
				04F5AC1227D7B4C80095C2CD /* Preview Content */,
			);
			path = LoginApp;
			sourceTree = "<group>";
		};
		04F5AC1227D7B4C80095C2CD /* Preview Content */ = {
			isa = PBXGroup;
			children = (
				04F5AC1327D7B4C80095C2CD /* Preview Assets.xcassets */,
			);
			path = "Preview Content";
			sourceTree = "<group>";
		};
		04F5AC1C27D7B4C80095C2CD /* LoginAppTests */ = {
			isa = PBXGroup;
			children = (
				04F5AC1D27D7B4C80095C2CD /* LoginAppTests.swift */,
			);
			path = LoginAppTests;
			sourceTree = "<group>";
		};
		04F5AC2627D7B4C80095C2CD /* LoginAppUITests */ = {
			isa = PBXGroup;
			children = (
				04F5AC2727D7B4C80095C2CD /* LoginAppUITests.swift */,
				04F5AC2927D7B4C80095C2CD /* LoginAppUITestsLaunchTests.swift */,
			);
			path = LoginAppUITests;
			sourceTree = "<group>";
		};
/* End PBXGroup section */

/* Begin PBXNativeTarget section */
		04F5AC0827D7B4C60095C2CD /* LoginApp */ = {
			isa = PBXNativeTarget;
			buildConfigurationList = 04F5AC2D27D7B4C90095C2CD /* Build configuration list for PBXNativeTarget "LoginApp" */;
			buildPhases = (
				04F5AC0527D7B4C60095C2CD /* Sources */,
				04F5AC0627D7B4C60095C2CD /* Frameworks */,
				04F5AC0727D7B4C60095C2CD /* Resources */,
			);
			buildRules = (
			);
			dependencies = (
			);
			name = LoginApp;
			productName = LoginApp;
			productReference = 04F5AC0927D7B4C60095C2CD /* LoginApp.app */;
			productType = "com.apple.product-type.application";
		};
		04F5AC1827D7B4C80095C2CD /* LoginAppTests */ = {
			isa = PBXNativeTarget;
			buildConfigurationList = 04F5AC3027D7B4C90095C2CD /* Build configuration list for PBXNativeTarget "LoginAppTests" */;
			buildPhases = (
				04F5AC1527D7B4C80095C2CD /* Sources */,
				04F5AC1627D7B4C80095C2CD /* Frameworks */,
				04F5AC1727D7B4C80095C2CD /* Resources */,
			);
			buildRules = (
			);
			dependencies = (
				04F5AC1B27D7B4C80095C2CD /* PBXTargetDependency */,
			);
			name = LoginAppTests;
			productName = LoginAppTests;
			productReference = 04F5AC1927D7B4C80095C2CD /* LoginAppTests.xctest */;
			productType = "com.apple.product-type.bundle.unit-test";
		};
		04F5AC2227D7B4C80095C2CD /* LoginAppUITests */ = {
			isa = PBXNativeTarget;
			buildConfigurationList = 04F5AC3327D7B4C90095C2CD /* Build configuration list for PBXNativeTarget "LoginAppUITests" */;
			buildPhases = (
				04F5AC1F27D7B4C80095C2CD /* Sources */,
				04F5AC2027D7B4C80095C2CD /* Frameworks */,
				04F5AC2127D7B4C80095C2CD /* Resources */,
			);
			buildRules = (
			);
			dependencies = (
				04F5AC2527D7B4C80095C2CD /* PBXTargetDependency */,
			);
			name = LoginAppUITests;
			productName = LoginAppUITests;
			productReference = 04F5AC2327D7B4C80095C2CD /* LoginAppUITests.xctest */;
			productType = "com.apple.product-type.bundle.ui-testing";
		};
/* End PBXNativeTarget section */

/* Begin PBXProject section */
		04F5AC0127D7B4C60095C2CD /* Project object */ = {
			isa = PBXProject;
			attributes = {
				BuildIndependentTargetsInParallel = 1;
				LastSwiftUpdateCheck = 1320;
				LastUpgradeCheck = 1320;
				TargetAttributes = {
					04F5AC0827D7B4C60095C2CD = {
						CreatedOnToolsVersion = 13.2.1;
					};
					04F5AC1827D7B4C80095C2CD = {
						CreatedOnToolsVersion = 13.2.1;
						TestTargetID = 04F5AC0827D7B4C60095C2CD;
					};
					04F5AC2227D7B4C80095C2CD = {
						CreatedOnToolsVersion = 13.2.1;
						TestTargetID = 04F5AC0827D7B4C60095C2CD;
					};
				};
			};
			buildConfigurationList = 04F5AC0427D7B4C60095C2CD /* Build configuration list for PBXProject "LoginApp" */;
			compatibilityVersion = "Xcode 13.0";
			developmentRegion = en;
			hasScannedForEncodings = 0;
			knownRegions = (
				en,
				Base,
			);
			mainGroup = 04F5AC0027D7B4C60095C2CD;
			productRefGroup = 04F5AC0A27D7B4C60095C2CD /* Products */;
			projectDirPath = "";
			projectRoot = "";
			targets = (
				04F5AC0827D7B4C60095C2CD /* LoginApp */,
				04F5AC1827D7B4C80095C2CD /* LoginAppTests */,
				04F5AC2227D7B4C80095C2CD /* LoginAppUITests */,
			);
		};
/* End PBXProject section */

/* Begin PBXResourcesBuildPhase section */
		04F5AC0727D7B4C60095C2CD /* Resources */ = {
			isa = PBXResourcesBuildPhase;
			buildActionMask = 2147483647;
			files = (
				04F5AC1427D7B4C80095C2CD /* Preview Assets.xcassets in Resources */,
				04F5AC1127D7B4C80095C2CD /* Assets.xcassets in Resources */,
			);
			runOnlyForDeploymentPostprocessing = 0;
		};
		04F5AC1727D7B4C80095C2CD /* Resources */ = {
			isa = PBXResourcesBuildPhase;
			buildActionMask = 2147483647;
			files = (
			);
			runOnlyForDeploymentPostprocessing = 0;
		};
		04F5AC2127D7B4C80095C2CD /* Resources */ = {
			isa = PBXResourcesBuildPhase;
			buildActionMask = 2147483647;
			files = (
			);
			runOnlyForDeploymentPostprocessing = 0;
		};
/* End PBXResourcesBuildPhase section */

/* Begin PBXSourcesBuildPhase section */
		04F5AC0527D7B4C60095C2CD /* Sources */ = {
			isa = PBXSourcesBuildPhase;
			buildActionMask = 2147483647;
			files = (
				04F5AC0F27D7B4C60095C2CD /* ContentView.swift in Sources */,
				04F5AC0D27D7B4C60095C2CD /* LoginAppApp.swift in Sources */,
			);
			runOnlyForDeploymentPostprocessing = 0;
		};
		04F5AC1527D7B4C80095C2CD /* Sources */ = {
			isa = PBXSourcesBuildPhase;
			buildActionMask = 2147483647;
			files = (
				04F5AC1E27D7B4C80095C2CD /* LoginAppTests.swift in Sources */,
			);
			runOnlyForDeploymentPostprocessing = 0;
		};
		04F5AC1F27D7B4C80095C2CD /* Sources */ = {
			isa = PBXSourcesBuildPhase;
			buildActionMask = 2147483647;
			files = (
				04F5AC2A27D7B4C90095C2CD /* LoginAppUITestsLaunchTests.swift in Sources */,
				04F5AC2827D7B4C80095C2CD /* LoginAppUITests.swift in Sources */,
			);
			runOnlyForDeploymentPostprocessing = 0;
		};
/* End PBXSourcesBuildPhase section */

/* Begin PBXTargetDependency section */
		04F5AC1B27D7B4C80095C2CD /* PBXTargetDependency */ = {
			isa = PBXTargetDependency;
			target = 04F5AC0827D7B4C60095C2CD /* LoginApp */;
			targetProxy = 04F5AC1A27D7B4C80095C2CD /* PBXContainerItemProxy */;
		};
		04F5AC2527D7B4C80095C2CD /* PBXTargetDependency */ = {
			isa = PBXTargetDependency;
			target = 04F5AC0827D7B4C60095C2CD /* LoginApp */;
			targetProxy = 04F5AC2427D7B4C80095C2CD /* PBXContainerItemProxy */;
		};
/* End PBXTargetDependency section */

/* Begin XCBuildConfiguration section */
		04F5AC2B27D7B4C90095C2CD /* Debug */ = {
			isa = XCBuildConfiguration;
			buildSettings = {
				ALWAYS_SEARCH_USER_PATHS = NO;
				CLANG_ANALYZER_NONNULL = YES;
				CLANG_ANALYZER_NUMBER_OBJECT_CONVERSION = YES_AGGRESSIVE;
				CLANG_CXX_LANGUAGE_STANDARD = "gnu++17";
				CLANG_CXX_LIBRARY = "libc++";
				CLANG_ENABLE_MODULES = YES;
				CLANG_ENABLE_OBJC_ARC = YES;
				CLANG_ENABLE_OBJC_WEAK = YES;
				CLANG_WARN_BLOCK_CAPTURE_AUTORELEASING = YES;
				CLANG_WARN_BOOL_CONVERSION = YES;
				CLANG_WARN_COMMA = YES;
				CLANG_WARN_CONSTANT_CONVERSION = YES;
				CLANG_WARN_DEPRECATED_OBJC_IMPLEMENTATIONS = YES;
				CLANG_WARN_DIRECT_OBJC_ISA_USAGE = YES_ERROR;
				CLANG_WARN_DOCUMENTATION_COMMENTS = YES;
				CLANG_WARN_EMPTY_BODY = YES;
				CLANG_WARN_ENUM_CONVERSION = YES;
				CLANG_WARN_INFINITE_RECURSION = YES;
				CLANG_WARN_INT_CONVERSION = YES;
				CLANG_WARN_NON_LITERAL_NULL_CONVERSION = YES;
				CLANG_WARN_OBJC_IMPLICIT_RETAIN_SELF = YES;
				CLANG_WARN_OBJC_LITERAL_CONVERSION = YES;
				CLANG_WARN_OBJC_ROOT_CLASS = YES_ERROR;
				CLANG_WARN_QUOTED_INCLUDE_IN_FRAMEWORK_HEADER = YES;
				CLANG_WARN_RANGE_LOOP_ANALYSIS = YES;
				CLANG_WARN_STRICT_PROTOTYPES = YES;
				CLANG_WARN_SUSPICIOUS_MOVE = YES;
				CLANG_WARN_UNGUARDED_AVAILABILITY = YES_AGGRESSIVE;
				CLANG_WARN_UNREACHABLE_CODE = YES;
				CLANG_WARN__DUPLICATE_METHOD_MATCH = YES;
				COPY_PHASE_STRIP = NO;
				DEBUG_INFORMATION_FORMAT = dwarf;
				ENABLE_STRICT_OBJC_MSGSEND = YES;
				ENABLE_TESTABILITY = YES;
				GCC_C_LANGUAGE_STANDARD = gnu11;
				GCC_DYNAMIC_NO_PIC = NO;
				GCC_NO_COMMON_BLOCKS = YES;
				GCC_OPTIMIZATION_LEVEL = 0;
				GCC_PREPROCESSOR_DEFINITIONS = (
					"DEBUG=1",
					"$(inherited)",
				);
				GCC_WARN_64_TO_32_BIT_CONVERSION = YES;
				GCC_WARN_ABOUT_RETURN_TYPE = YES_ERROR;
				GCC_WARN_UNDECLARED_SELECTOR = YES;
				GCC_WARN_UNINITIALIZED_AUTOS = YES_AGGRESSIVE;
				GCC_WARN_UNUSED_FUNCTION = YES;
				GCC_WARN_UNUSED_VARIABLE = YES;
				IPHONEOS_DEPLOYMENT_TARGET = 15.2;
				MTL_ENABLE_DEBUG_INFO = INCLUDE_SOURCE;
				MTL_FAST_MATH = YES;
				ONLY_ACTIVE_ARCH = YES;
				SDKROOT = iphoneos;
				SWIFT_ACTIVE_COMPILATION_CONDITIONS = DEBUG;
				SWIFT_OPTIMIZATION_LEVEL = "-Onone";
			};
			name = Debug;
		};
		04F5AC2C27D7B4C90095C2CD /* Release */ = {
			isa = XCBuildConfiguration;
			buildSettings = {
				ALWAYS_SEARCH_USER_PATHS = NO;
				CLANG_ANALYZER_NONNULL = YES;
				CLANG_ANALYZER_NUMBER_OBJECT_CONVERSION = YES_AGGRESSIVE;
				CLANG_CXX_LANGUAGE_STANDARD = "gnu++17";
				CLANG_CXX_LIBRARY = "libc++";
				CLANG_ENABLE_MODULES = YES;
				CLANG_ENABLE_OBJC_ARC = YES;
				CLANG_ENABLE_OBJC_WEAK = YES;
				CLANG_WARN_BLOCK_CAPTURE_AUTORELEASING = YES;
				CLANG_WARN_BOOL_CONVERSION = YES;
				CLANG_WARN_COMMA = YES;
				CLANG_WARN_CONSTANT_CONVERSION = YES;
				CLANG_WARN_DEPRECATED_OBJC_IMPLEMENTATIONS = YES;
				CLANG_WARN_DIRECT_OBJC_ISA_USAGE = YES_ERROR;
				CLANG_WARN_DOCUMENTATION_COMMENTS = YES;
				CLANG_WARN_EMPTY_BODY = YES;
				CLANG_WARN_ENUM_CONVERSION = YES;
				CLANG_WARN_INFINITE_RECURSION = YES;
				CLANG_WARN_INT_CONVERSION = YES;
				CLANG_WARN_NON_LITERAL_NULL_CONVERSION = YES;
				CLANG_WARN_OBJC_IMPLICIT_RETAIN_SELF = YES;
				CLANG_WARN_OBJC_LITERAL_CONVERSION = YES;
				CLANG_WARN_OBJC_ROOT_CLASS = YES_ERROR;
				CLANG_WARN_QUOTED_INCLUDE_IN_FRAMEWORK_HEADER = YES;
				CLANG_WARN_RANGE_LOOP_ANALYSIS = YES;
				CLANG_WARN_STRICT_PROTOTYPES = YES;
				CLANG_WARN_SUSPICIOUS_MOVE = YES;
				CLANG_WARN_UNGUARDED_AVAILABILITY = YES_AGGRESSIVE;
				CLANG_WARN_UNREACHABLE_CODE = YES;
				CLANG_WARN__DUPLICATE_METHOD_MATCH = YES;
				COPY_PHASE_STRIP = NO;
				DEBUG_INFORMATION_FORMAT = "dwarf-with-dsym";
				ENABLE_NS_ASSERTIONS = NO;
				ENABLE_STRICT_OBJC_MSGSEND = YES;
				GCC_C_LANGUAGE_STANDARD = gnu11;
				GCC_NO_COMMON_BLOCKS = YES;
				GCC_WARN_64_TO_32_BIT_CONVERSION = YES;
				GCC_WARN_ABOUT_RETURN_TYPE = YES_ERROR;
				GCC_WARN_UNDECLARED_SELECTOR = YES;
				GCC_WARN_UNINITIALIZED_AUTOS = YES_AGGRESSIVE;
				GCC_WARN_UNUSED_FUNCTION = YES;
				GCC_WARN_UNUSED_VARIABLE = YES;
				IPHONEOS_DEPLOYMENT_TARGET = 15.2;
				MTL_ENABLE_DEBUG_INFO = NO;
				MTL_FAST_MATH = YES;
				SDKROOT = iphoneos;
				SWIFT_COMPILATION_MODE = wholemodule;
				SWIFT_OPTIMIZATION_LEVEL = "-O";
				VALIDATE_PRODUCT = YES;
			};
			name = Release;
		};
		04F5AC2E27D7B4C90095C2CD /* Debug */ = {
			isa = XCBuildConfiguration;
			buildSettings = {
				ASSETCATALOG_COMPILER_APPICON_NAME = AppIcon;
				ASSETCATALOG_COMPILER_GLOBAL_ACCENT_COLOR_NAME = AccentColor;
				CODE_SIGN_STYLE = Automatic;
				CURRENT_PROJECT_VERSION = 1;
				DEVELOPMENT_ASSET_PATHS = "\"LoginApp/Preview Content\"";
				ENABLE_PREVIEWS = YES;
				GENERATE_INFOPLIST_FILE = YES;
				INFOPLIST_KEY_UIApplicationSceneManifest_Generation = YES;
				INFOPLIST_KEY_UIApplicationSupportsIndirectInputEvents = YES;
				INFOPLIST_KEY_UILaunchScreen_Generation = YES;
				INFOPLIST_KEY_UISupportedInterfaceOrientations_iPad = "UIInterfaceOrientationPortrait UIInterfaceOrientationPortraitUpsideDown UIInterfaceOrientationLandscapeLeft UIInterfaceOrientationLandscapeRight";
				INFOPLIST_KEY_UISupportedInterfaceOrientations_iPhone = "UIInterfaceOrientationPortrait UIInterfaceOrientationLandscapeLeft UIInterfaceOrientationLandscapeRight";
				LD_RUNPATH_SEARCH_PATHS = (
					"$(inherited)",
					"@executable_path/Frameworks",
				);
				MARKETING_VERSION = 1.0;
				PRODUCT_BUNDLE_IDENTIFIER = DDev.LoginApp;
				PRODUCT_NAME = "$(TARGET_NAME)";
				SWIFT_EMIT_LOC_STRINGS = YES;
				SWIFT_VERSION = 5.0;
				TARGETED_DEVICE_FAMILY = "1,2";
			};
			name = Debug;
		};
		04F5AC2F27D7B4C90095C2CD /* Release */ = {
			isa = XCBuildConfiguration;
			buildSettings = {
				ASSETCATALOG_COMPILER_APPICON_NAME = AppIcon;
				ASSETCATALOG_COMPILER_GLOBAL_ACCENT_COLOR_NAME = AccentColor;
				CODE_SIGN_STYLE = Automatic;
				CURRENT_PROJECT_VERSION = 1;
				DEVELOPMENT_ASSET_PATHS = "\"LoginApp/Preview Content\"";
				ENABLE_PREVIEWS = YES;
				GENERATE_INFOPLIST_FILE = YES;
				INFOPLIST_KEY_UIApplicationSceneManifest_Generation = YES;
				INFOPLIST_KEY_UIApplicationSupportsIndirectInputEvents = YES;
				INFOPLIST_KEY_UILaunchScreen_Generation = YES;
				INFOPLIST_KEY_UISupportedInterfaceOrientations_iPad = "UIInterfaceOrientationPortrait UIInterfaceOrientationPortraitUpsideDown UIInterfaceOrientationLandscapeLeft UIInterfaceOrientationLandscapeRight";
				INFOPLIST_KEY_UISupportedInterfaceOrientations_iPhone = "UIInterfaceOrientationPortrait UIInterfaceOrientationLandscapeLeft UIInterfaceOrientationLandscapeRight";
				LD_RUNPATH_SEARCH_PATHS = (
					"$(inherited)",
					"@executable_path/Frameworks",
				);
				MARKETING_VERSION = 1.0;
				PRODUCT_BUNDLE_IDENTIFIER = DDev.LoginApp;
				PRODUCT_NAME = "$(TARGET_NAME)";
				SWIFT_EMIT_LOC_STRINGS = YES;
				SWIFT_VERSION = 5.0;
				TARGETED_DEVICE_FAMILY = "1,2";
			};
			name = Release;
		};
		04F5AC3127D7B4C90095C2CD /* Debug */ = {
			isa = XCBuildConfiguration;
			buildSettings = {
				ALWAYS_EMBED_SWIFT_STANDARD_LIBRARIES = YES;
				BUNDLE_LOADER = "$(TEST_HOST)";
				CODE_SIGN_STYLE = Automatic;
				CURRENT_PROJECT_VERSION = 1;
				GENERATE_INFOPLIST_FILE = YES;
				IPHONEOS_DEPLOYMENT_TARGET = 15.2;
				MARKETING_VERSION = 1.0;
				PRODUCT_BUNDLE_IDENTIFIER = DDev.LoginAppTests;
				PRODUCT_NAME = "$(TARGET_NAME)";
				SWIFT_EMIT_LOC_STRINGS = NO;
				SWIFT_VERSION = 5.0;
				TARGETED_DEVICE_FAMILY = "1,2";
				TEST_HOST = "$(BUILT_PRODUCTS_DIR)/LoginApp.app/LoginApp";
			};
			name = Debug;
		};
		04F5AC3227D7B4C90095C2CD /* Release */ = {
			isa = XCBuildConfiguration;
			buildSettings = {
				ALWAYS_EMBED_SWIFT_STANDARD_LIBRARIES = YES;
				BUNDLE_LOADER = "$(TEST_HOST)";
				CODE_SIGN_STYLE = Automatic;
				CURRENT_PROJECT_VERSION = 1;
				GENERATE_INFOPLIST_FILE = YES;
				IPHONEOS_DEPLOYMENT_TARGET = 15.2;
				MARKETING_VERSION = 1.0;
				PRODUCT_BUNDLE_IDENTIFIER = DDev.LoginAppTests;
				PRODUCT_NAME = "$(TARGET_NAME)";
				SWIFT_EMIT_LOC_STRINGS = NO;
				SWIFT_VERSION = 5.0;
				TARGETED_DEVICE_FAMILY = "1,2";
				TEST_HOST = "$(BUILT_PRODUCTS_DIR)/LoginApp.app/LoginApp";
			};
			name = Release;
		};
		04F5AC3427D7B4C90095C2CD /* Debug */ = {
			isa = XCBuildConfiguration;
			buildSettings = {
				ALWAYS_EMBED_SWIFT_STANDARD_LIBRARIES = YES;
				CODE_SIGN_STYLE = Automatic;
				CURRENT_PROJECT_VERSION = 1;
				GENERATE_INFOPLIST_FILE = YES;
				MARKETING_VERSION = 1.0;
				PRODUCT_BUNDLE_IDENTIFIER = DDev.LoginAppUITests;
				PRODUCT_NAME = "$(TARGET_NAME)";
				SWIFT_EMIT_LOC_STRINGS = NO;
				SWIFT_VERSION = 5.0;
				TARGETED_DEVICE_FAMILY = "1,2";
				TEST_TARGET_NAME = LoginApp;
			};
			name = Debug;
		};
		04F5AC3527D7B4C90095C2CD /* Release */ = {
			isa = XCBuildConfiguration;
			buildSettings = {
				ALWAYS_EMBED_SWIFT_STANDARD_LIBRARIES = YES;
				CODE_SIGN_STYLE = Automatic;
				CURRENT_PROJECT_VERSION = 1;
				GENERATE_INFOPLIST_FILE = YES;
				MARKETING_VERSION = 1.0;
				PRODUCT_BUNDLE_IDENTIFIER = DDev.LoginAppUITests;
				PRODUCT_NAME = "$(TARGET_NAME)";
				SWIFT_EMIT_LOC_STRINGS = NO;
				SWIFT_VERSION = 5.0;
				TARGETED_DEVICE_FAMILY = "1,2";
				TEST_TARGET_NAME = LoginApp;
			};
			name = Release;
		};
/* End XCBuildConfiguration section */

/* Begin XCConfigurationList section */
		04F5AC0427D7B4C60095C2CD /* Build configuration list for PBXProject "LoginApp" */ = {
			isa = XCConfigurationList;
			buildConfigurations = (
				04F5AC2B27D7B4C90095C2CD /* Debug */,
				04F5AC2C27D7B4C90095C2CD /* Release */,
			);
			defaultConfigurationIsVisible = 0;
			defaultConfigurationName = Release;
		};
		04F5AC2D27D7B4C90095C2CD /* Build configuration list for PBXNativeTarget "LoginApp" */ = {
			isa = XCConfigurationList;
			buildConfigurations = (
				04F5AC2E27D7B4C90095C2CD /* Debug */,
				04F5AC2F27D7B4C90095C2CD /* Release */,
			);
			defaultConfigurationIsVisible = 0;
			defaultConfigurationName = Release;
		};
		04F5AC3027D7B4C90095C2CD /* Build configuration list for PBXNativeTarget "LoginAppTests" */ = {
			isa = XCConfigurationList;
			buildConfigurations = (
				04F5AC3127D7B4C90095C2CD /* Debug */,
				04F5AC3227D7B4C90095C2CD /* Release */,
			);
			defaultConfigurationIsVisible = 0;
			defaultConfigurationName = Release;
		};
		04F5AC3327D7B4C90095C2CD /* Build configuration list for PBXNativeTarget "LoginAppUITests" */ = {
			isa = XCConfigurationList;
			buildConfigurations = (
				04F5AC3427D7B4C90095C2CD /* Debug */,
				04F5AC3527D7B4C90095C2CD /* Release */,
			);
			defaultConfigurationIsVisible = 0;
			defaultConfigurationName = Release;
		};
/* End XCConfigurationList section */
	};
	rootObject = 04F5AC0127D7B4C60095C2CD /* Project object */;
}
